
Microsoft Visual Studio Solution File, Format Version 12.00
# Visual Studio Version 16
VisualStudioVersion = 16.0.28729.10
MinimumVisualStudioVersion = 10.0.40219.1
Project("{FAE04EC0-301F-11D3-BF4B-00C04F79EFBC}") = "LeerFicheroTermalismo", "LeerFicheroTermalismo\LeerFicheroTermalismo.csproj", "{671C978D-CD89-4EAA-933E-ACB1FEAB0276}"
EndProject
Global
	GlobalSection(SolutionConfigurationPlatforms) = preSolution
		Debug|x86 = Debug|x86
		Release|x86 = Release|x86
	EndGlobalSection
	GlobalSection(ProjectConfigurationPlatforms) = postSolution
		{671C978D-CD89-4EAA-933E-ACB1FEAB0276}.Debug|x86.ActiveCfg = Debug|x86
		{671C978D-CD89-4EAA-933E-ACB1FEAB0276}.Debug|x86.Build.0 = Debug|x86
		{671C978D-CD89-4EAA-933E-ACB1FEAB0276}.Release|x86.ActiveCfg = Release|x86
		{671C978D-CD89-4EAA-933E-ACB1FEAB0276}.Release|x86.Build.0 = Release|x86
	EndGlobalSection
	GlobalSection(SolutionProperties) = preSolution
		HideSolutionNode = FALSE
	EndGlobalSection
	GlobalSection(ExtensibilityGlobals) = postSolution
		SolutionGuid = {122C3D00-CE8C-41C8-BC4B-4BECAE2CA412}
	EndGlobalSection
EndGlobal
